{
  "name": "convert-to-linestring",
  "version": "1.0.0",
  "lockfileVersion": 1,
  "requires": true,
  "dependencies": {
    "geojson-tools": {
      "version": "0.2.2",
      "resolved": "https://registry.npmjs.org/geojson-tools/-/geojson-tools-0.2.2.tgz",
      "integrity": "sha1-s9PbkuluSRCoObJzthrXCld8s/s=",
      "requires": {
        "underscore": "1.8.3"
      }
    },
    "underscore": {
      "version": "1.8.3",
      "resolved": "https://registry.npmjs.org/underscore/-/underscore-1.8.3.tgz",
      "integrity": "sha1-Tz+1OxBuYJf8+ctBCfKl6b36UCI="
    }
  }
}
